
Microsoft Visual Studio Solution File, Format Version 12.00
# Visual Studio Version 16
VisualStudioVersion = 16.0.28729.10
MinimumVisualStudioVersion = 10.0.40219.1
Project("{FAE04EC0-301F-11D3-BF4B-00C04F79EFBC}") = "ASPPractice", "ASPPractice\ASPPractice.csproj", "{03D95A3B-75C7-4413-87B7-65B51F33072D}"
EndProject
Global
	GlobalSection(SolutionConfigurationPlatforms) = preSolution
		Debug|Any CPU = Debug|Any CPU
		Release|Any CPU = Release|Any CPU
	EndGlobalSection
	GlobalSection(ProjectConfigurationPlatforms) = postSolution
		{03D95A3B-75C7-4413-87B7-65B51F33072D}.Debug|Any CPU.ActiveCfg = Debug|Any CPU
		{03D95A3B-75C7-4413-87B7-65B51F33072D}.Debug|Any CPU.Build.0 = Debug|Any CPU
		{03D95A3B-75C7-4413-87B7-65B51F33072D}.Release|Any CPU.ActiveCfg = Release|Any CPU
		{03D95A3B-75C7-4413-87B7-65B51F33072D}.Release|Any CPU.Build.0 = Release|Any CPU
	EndGlobalSection
	GlobalSection(SolutionProperties) = preSolution
		HideSolutionNode = FALSE
	EndGlobalSection
	GlobalSection(ExtensibilityGlobals) = postSolution
		SolutionGuid = {14A260A8-E02F-470C-8D27-03B637B11036}
	EndGlobalSection
EndGlobal
